
Microsoft Visual Studio Solution File, Format Version 12.00
# Visual Studio Version 17
VisualStudioVersion = 17.6.33829.357
MinimumVisualStudioVersion = 10.0.40219.1
Project("{FAE04EC0-301F-11D3-BF4B-00C04F79EFBC}") = "GymManager.Core", "GymManager.Core\GymManager.Core.csproj", "{469758CC-46C4-433D-A4AE-2E8C17BE25CE}"
EndProject
Project("{FAE04EC0-301F-11D3-BF4B-00C04F79EFBC}") = "GymManager.Application", "GymManager.Application\GymManager.Application.csproj", "{F83481E7-998E-485D-A5B6-3FC9CC3054A6}"
EndProject
Project("{FAE04EC0-301F-11D3-BF4B-00C04F79EFBC}") = "GymManager.Infrastructure", "GymManager.Infrastructure\GymManager.Infrastructure.csproj", "{656AC2C6-7404-4A08-98A3-CE0B797351ED}"
EndProject
Project("{FAE04EC0-301F-11D3-BF4B-00C04F79EFBC}") = "GymManager.Infrastructure.Ioc", "GymManager.Infrastructure.Ioc\GymManager.Infrastructure.Ioc.csproj", "{019FBBC6-976D-4BA0-8BEF-9D0645E25171}"
EndProject
Project("{FAE04EC0-301F-11D3-BF4B-00C04F79EFBC}") = "GymManager.Api", "GymManager.Api\GymManager.Api.csproj", "{92652F43-59CA-44BF-BDE0-22DC16144889}"
EndProject
Project("{FAE04EC0-301F-11D3-BF4B-00C04F79EFBC}") = "GymManager.UnitTests", "GymManager.UnitTests\GymManager.UnitTests.csproj", "{D2F2B10C-E7F8-4E8D-8231-5D28042C3FC7}"
EndProject
Global
	GlobalSection(SolutionConfigurationPlatforms) = preSolution
		Debug|Any CPU = Debug|Any CPU
		Release|Any CPU = Release|Any CPU
	EndGlobalSection
	GlobalSection(ProjectConfigurationPlatforms) = postSolution
		{469758CC-46C4-433D-A4AE-2E8C17BE25CE}.Debug|Any CPU.ActiveCfg = Debug|Any CPU
		{469758CC-46C4-433D-A4AE-2E8C17BE25CE}.Debug|Any CPU.Build.0 = Debug|Any CPU
		{469758CC-46C4-433D-A4AE-2E8C17BE25CE}.Release|Any CPU.ActiveCfg = Release|Any CPU
		{469758CC-46C4-433D-A4AE-2E8C17BE25CE}.Release|Any CPU.Build.0 = Release|Any CPU
		{F83481E7-998E-485D-A5B6-3FC9CC3054A6}.Debug|Any CPU.ActiveCfg = Debug|Any CPU
		{F83481E7-998E-485D-A5B6-3FC9CC3054A6}.Debug|Any CPU.Build.0 = Debug|Any CPU
		{F83481E7-998E-485D-A5B6-3FC9CC3054A6}.Release|Any CPU.ActiveCfg = Release|Any CPU
		{F83481E7-998E-485D-A5B6-3FC9CC3054A6}.Release|Any CPU.Build.0 = Release|Any CPU
		{656AC2C6-7404-4A08-98A3-CE0B797351ED}.Debug|Any CPU.ActiveCfg = Debug|Any CPU
		{656AC2C6-7404-4A08-98A3-CE0B797351ED}.Debug|Any CPU.Build.0 = Debug|Any CPU
		{656AC2C6-7404-4A08-98A3-CE0B797351ED}.Release|Any CPU.ActiveCfg = Release|Any CPU
		{656AC2C6-7404-4A08-98A3-CE0B797351ED}.Release|Any CPU.Build.0 = Release|Any CPU
		{019FBBC6-976D-4BA0-8BEF-9D0645E25171}.Debug|Any CPU.ActiveCfg = Debug|Any CPU
		{019FBBC6-976D-4BA0-8BEF-9D0645E25171}.Debug|Any CPU.Build.0 = Debug|Any CPU
		{019FBBC6-976D-4BA0-8BEF-9D0645E25171}.Release|Any CPU.ActiveCfg = Release|Any CPU
		{019FBBC6-976D-4BA0-8BEF-9D0645E25171}.Release|Any CPU.Build.0 = Release|Any CPU
		{92652F43-59CA-44BF-BDE0-22DC16144889}.Debug|Any CPU.ActiveCfg = Debug|Any CPU
		{92652F43-59CA-44BF-BDE0-22DC16144889}.Debug|Any CPU.Build.0 = Debug|Any CPU
		{92652F43-59CA-44BF-BDE0-22DC16144889}.Release|Any CPU.ActiveCfg = Release|Any CPU
		{92652F43-59CA-44BF-BDE0-22DC16144889}.Release|Any CPU.Build.0 = Release|Any CPU
		{D2F2B10C-E7F8-4E8D-8231-5D28042C3FC7}.Debug|Any CPU.ActiveCfg = Debug|Any CPU
		{D2F2B10C-E7F8-4E8D-8231-5D28042C3FC7}.Debug|Any CPU.Build.0 = Debug|Any CPU
		{D2F2B10C-E7F8-4E8D-8231-5D28042C3FC7}.Release|Any CPU.ActiveCfg = Release|Any CPU
		{D2F2B10C-E7F8-4E8D-8231-5D28042C3FC7}.Release|Any CPU.Build.0 = Release|Any CPU
	EndGlobalSection
	GlobalSection(SolutionProperties) = preSolution
		HideSolutionNode = FALSE
	EndGlobalSection
	GlobalSection(ExtensibilityGlobals) = postSolution
		SolutionGuid = {51852DA4-481B-408E-98B0-B936B50B5E1F}
	EndGlobalSection
EndGlobal
